// !$*UTF8*$!
{
	archiveVersion = 1;
	classes = {
	};
	objectVersion = 51;
	objects = {

/* Begin PBXBuildFile section */
		633E2A2C23B164C300B5AD7D /* LearnMore.swift in Sources */ = {isa = PBXBuildFile; fileRef = 633E2A2B23B164C300B5AD7D /* LearnMore.swift */; };
		633E2A2E23B164E300B5AD7D /* ClaimOffer.swift in Sources */ = {isa = PBXBuildFile; fileRef = 633E2A2D23B164E300B5AD7D /* ClaimOffer.swift */; };
		633E2A3023B169F500B5AD7D /* Restaurants.swift in Sources */ = {isa = PBXBuildFile; fileRef = 633E2A2F23B169F500B5AD7D /* Restaurants.swift */; };
		633E2A3223B1902A00B5AD7D /* GoogleService-Info.plist in Resources */ = {isa = PBXBuildFile; fileRef = 633E2A3123B1902A00B5AD7D /* GoogleService-Info.plist */; };
		633E2A3423B206A800B5AD7D /* OffersCell.swift in Sources */ = {isa = PBXBuildFile; fileRef = 633E2A3323B206A800B5AD7D /* OffersCell.swift */; };
		6344493623898DA700C7FF99 /* AppDelegate.swift in Sources */ = {isa = PBXBuildFile; fileRef = 6344493523898DA700C7FF99 /* AppDelegate.swift */; };
		6344493823898DA700C7FF99 /* SceneDelegate.swift in Sources */ = {isa = PBXBuildFile; fileRef = 6344493723898DA700C7FF99 /* SceneDelegate.swift */; };
		6344493C23898DA700C7FF99 /* ProfileVC.swift in Sources */ = {isa = PBXBuildFile; fileRef = 6344493B23898DA700C7FF99 /* ProfileVC.swift */; };
		6344493F23898DA700C7FF99 /* Main.storyboard in Resources */ = {isa = PBXBuildFile; fileRef = 6344493D23898DA700C7FF99 /* Main.storyboard */; };
		6344494123898DAA00C7FF99 /* Assets.xcassets in Resources */ = {isa = PBXBuildFile; fileRef = 6344494023898DAA00C7FF99 /* Assets.xcassets */; };
		6344494423898DAA00C7FF99 /* LaunchScreen.storyboard in Resources */ = {isa = PBXBuildFile; fileRef = 6344494223898DAA00C7FF99 /* LaunchScreen.storyboard */; };
		6344494C23898E8400C7FF99 /* OffersVC.swift in Sources */ = {isa = PBXBuildFile; fileRef = 6344494B23898E8400C7FF99 /* OffersVC.swift */; };
		634449542389915200C7FF99 /* RestaurantInfoVC.swift in Sources */ = {isa = PBXBuildFile; fileRef = 634449532389915200C7FF99 /* RestaurantInfoVC.swift */; };
		634449562389B20B00C7FF99 /* OffersDetailVC.swift in Sources */ = {isa = PBXBuildFile; fileRef = 634449552389B20B00C7FF99 /* OffersDetailVC.swift */; };
		6344495B2389BE2B00C7FF99 /* RestaurantBrain.swift in Sources */ = {isa = PBXBuildFile; fileRef = 6344495A2389BE2B00C7FF99 /* RestaurantBrain.swift */; };
		6344495D2389BE3900C7FF99 /* OffersBrain.swift in Sources */ = {isa = PBXBuildFile; fileRef = 6344495C2389BE3900C7FF99 /* OffersBrain.swift */; };
		634449612389DA6100C7FF99 /* RestaurantVC.swift in Sources */ = {isa = PBXBuildFile; fileRef = 634449602389DA6100C7FF99 /* RestaurantVC.swift */; };
		634449632389E09800C7FF99 /* RestaurantCell.swift in Sources */ = {isa = PBXBuildFile; fileRef = 634449622389E09800C7FF99 /* RestaurantCell.swift */; };
		63452B7F23B469BC0022845F /* ClaimCell.swift in Sources */ = {isa = PBXBuildFile; fileRef = 63452B7E23B469BC0022845F /* ClaimCell.swift */; };
		634B518423B702110087697F /* Login.storyboard in Resources */ = {isa = PBXBuildFile; fileRef = 634B518323B702110087697F /* Login.storyboard */; };
		634B518723B866870087697F /* SplashVC.swift in Sources */ = {isa = PBXBuildFile; fileRef = 634B518623B866870087697F /* SplashVC.swift */; };
		634B518923B867290087697F /* LoginVC.swift in Sources */ = {isa = PBXBuildFile; fileRef = 634B518823B867290087697F /* LoginVC.swift */; };
		634B518B23B8673C0087697F /* RecoverPasswordVC.swift in Sources */ = {isa = PBXBuildFile; fileRef = 634B518A23B8673C0087697F /* RecoverPasswordVC.swift */; };
		634B518D23B8681E0087697F /* SignUpVC.swift in Sources */ = {isa = PBXBuildFile; fileRef = 634B518C23B8681E0087697F /* SignUpVC.swift */; };
		634B518F23B8684B0087697F /* UserInformationVC.swift in Sources */ = {isa = PBXBuildFile; fileRef = 634B518E23B8684B0087697F /* UserInformationVC.swift */; };
		634B519223B951590087697F /* Restaurants.storyboard in Resources */ = {isa = PBXBuildFile; fileRef = 634B519123B951580087697F /* Restaurants.storyboard */; };
		634B519423B951830087697F /* Profile.storyboard in Resources */ = {isa = PBXBuildFile; fileRef = 634B519323B951830087697F /* Profile.storyboard */; };
		634B519623B951900087697F /* Offers.storyboard in Resources */ = {isa = PBXBuildFile; fileRef = 634B519523B951900087697F /* Offers.storyboard */; };
		63619E1E23987DBF007284E0 /* MapScreenVC.swift in Sources */ = {isa = PBXBuildFile; fileRef = 63619E1D23987DBF007284E0 /* MapScreenVC.swift */; };
		637B9BEB238B204200AEBDAA /* LoyaltyCardVC.swift in Sources */ = {isa = PBXBuildFile; fileRef = 637B9BEA238B204200AEBDAA /* LoyaltyCardVC.swift */; };
		639FC05623BAEA6B00B6013F /* Utilities.swift in Sources */ = {isa = PBXBuildFile; fileRef = 639FC05523BAEA6B00B6013F /* Utilities.swift */; };
		639FC05823BAF6EA00B6013F /* Constants.swift in Sources */ = {isa = PBXBuildFile; fileRef = 639FC05723BAF6EA00B6013F /* Constants.swift */; };
		639FC05C23BBF56B00B6013F /* RestaurantsAPIClient.swift in Sources */ = {isa = PBXBuildFile; fileRef = 639FC05B23BBF56B00B6013F /* RestaurantsAPIClient.swift */; };
		639FC08C23BE8F6200B6013F /* SNACC.json in Resources */ = {isa = PBXBuildFile; fileRef = 639FC08B23BE8F6200B6013F /* SNACC.json */; };
		639FC08E23C0FED100B6013F /* SNACCRefactor.json in Resources */ = {isa = PBXBuildFile; fileRef = 639FC08D23C0FED100B6013F /* SNACCRefactor.json */; };
		63DE9CF523AF21490032A666 /* UIImageView+Extension.swift in Sources */ = {isa = PBXBuildFile; fileRef = 63DE9CF423AF21490032A666 /* UIImageView+Extension.swift */; };
		63DE9CF723AF21B10032A666 /* UIViewController+Alerts.swift in Sources */ = {isa = PBXBuildFile; fileRef = 63DE9CF623AF21B10032A666 /* UIViewController+Alerts.swift */; };
		63DE9CF923AF21D60032A666 /* NetworkHelper.swift in Sources */ = {isa = PBXBuildFile; fileRef = 63DE9CF823AF21D60032A666 /* NetworkHelper.swift */; };
		63DE9CFC23AF22030032A666 /* AppError.swift in Sources */ = {isa = PBXBuildFile; fileRef = 63DE9CFB23AF22030032A666 /* AppError.swift */; };
		63DE9D0023B06B2A0032A666 /* BookmarkVC.swift in Sources */ = {isa = PBXBuildFile; fileRef = 63DE9CFF23B06B2A0032A666 /* BookmarkVC.swift */; };
		63DE9D0223B06DCC0032A666 /* BookmarkCell.swift in Sources */ = {isa = PBXBuildFile; fileRef = 63DE9D0123B06DCC0032A666 /* BookmarkCell.swift */; };
		63DE9D0423B13C500032A666 /* ProfileLoyaltyVC.swift in Sources */ = {isa = PBXBuildFile; fileRef = 63DE9D0323B13C500032A666 /* ProfileLoyaltyVC.swift */; };
		63DE9D0623B1402B0032A666 /* PhotosVC.swift in Sources */ = {isa = PBXBuildFile; fileRef = 63DE9D0523B1402B0032A666 /* PhotosVC.swift */; };
		8472D71985712494E571A9CE /* Pods_SNACC.framework in Frameworks */ = {isa = PBXBuildFile; fileRef = 31E173FF2847BE5B4302D136 /* Pods_SNACC.framework */; };
/* End PBXBuildFile section */

/* Begin PBXFileReference section */
		0E32AFB6568E03CF24519F7D /* Pods-SNACC.debug.xcconfig */ = {isa = PBXFileReference; includeInIndex = 1; lastKnownFileType = text.xcconfig; name = "Pods-SNACC.debug.xcconfig"; path = "Target Support Files/Pods-SNACC/Pods-SNACC.debug.xcconfig"; sourceTree = "<group>"; };
		31E173FF2847BE5B4302D136 /* Pods_SNACC.framework */ = {isa = PBXFileReference; explicitFileType = wrapper.framework; includeInIndex = 0; path = Pods_SNACC.framework; sourceTree = BUILT_PRODUCTS_DIR; };
		633E2A2B23B164C300B5AD7D /* LearnMore.swift */ = {isa = PBXFileReference; lastKnownFileType = sourcecode.swift; path = LearnMore.swift; sourceTree = "<group>"; };
		633E2A2D23B164E300B5AD7D /* ClaimOffer.swift */ = {isa = PBXFileReference; lastKnownFileType = sourcecode.swift; path = ClaimOffer.swift; sourceTree = "<group>"; };
		633E2A2F23B169F500B5AD7D /* Restaurants.swift */ = {isa = PBXFileReference; lastKnownFileType = sourcecode.swift; path = Restaurants.swift; sourceTree = "<group>"; };
		633E2A3123B1902A00B5AD7D /* GoogleService-Info.plist */ = {isa = PBXFileReference; fileEncoding = 4; lastKnownFileType = text.plist.xml; path = "GoogleService-Info.plist"; sourceTree = "<group>"; };
		633E2A3323B206A800B5AD7D /* OffersCell.swift */ = {isa = PBXFileReference; lastKnownFileType = sourcecode.swift; path = OffersCell.swift; sourceTree = "<group>"; };
		6344493223898DA700C7FF99 /* SNACC.app */ = {isa = PBXFileReference; explicitFileType = wrapper.application; includeInIndex = 0; path = SNACC.app; sourceTree = BUILT_PRODUCTS_DIR; };
		6344493523898DA700C7FF99 /* AppDelegate.swift */ = {isa = PBXFileReference; lastKnownFileType = sourcecode.swift; path = AppDelegate.swift; sourceTree = "<group>"; };
		6344493723898DA700C7FF99 /* SceneDelegate.swift */ = {isa = PBXFileReference; lastKnownFileType = sourcecode.swift; path = SceneDelegate.swift; sourceTree = "<group>"; };
		6344493B23898DA700C7FF99 /* ProfileVC.swift */ = {isa = PBXFileReference; lastKnownFileType = sourcecode.swift; path = ProfileVC.swift; sourceTree = "<group>"; };
		6344493E23898DA700C7FF99 /* Base */ = {isa = PBXFileReference; lastKnownFileType = file.storyboard; name = Base; path = Base.lproj/Main.storyboard; sourceTree = "<group>"; };
		6344494023898DAA00C7FF99 /* Assets.xcassets */ = {isa = PBXFileReference; lastKnownFileType = folder.assetcatalog; path = Assets.xcassets; sourceTree = "<group>"; };
		6344494323898DAA00C7FF99 /* Base */ = {isa = PBXFileReference; lastKnownFileType = file.storyboard; name = Base; path = Base.lproj/LaunchScreen.storyboard; sourceTree = "<group>"; };
		6344494523898DAA00C7FF99 /* Info.plist */ = {isa = PBXFileReference; lastKnownFileType = text.plist.xml; path = Info.plist; sourceTree = "<group>"; };
		6344494B23898E8400C7FF99 /* OffersVC.swift */ = {isa = PBXFileReference; lastKnownFileType = sourcecode.swift; path = OffersVC.swift; sourceTree = "<group>"; };
		634449532389915200C7FF99 /* RestaurantInfoVC.swift */ = {isa = PBXFileReference; lastKnownFileType = sourcecode.swift; path = RestaurantInfoVC.swift; sourceTree = "<group>"; };
		634449552389B20B00C7FF99 /* OffersDetailVC.swift */ = {isa = PBXFileReference; lastKnownFileType = sourcecode.swift; path = OffersDetailVC.swift; sourceTree = "<group>"; };
		6344495A2389BE2B00C7FF99 /* RestaurantBrain.swift */ = {isa = PBXFileReference; lastKnownFileType = sourcecode.swift; path = RestaurantBrain.swift; sourceTree = "<group>"; };
		6344495C2389BE3900C7FF99 /* OffersBrain.swift */ = {isa = PBXFileReference; lastKnownFileType = sourcecode.swift; path = OffersBrain.swift; sourceTree = "<group>"; };
		634449602389DA6100C7FF99 /* RestaurantVC.swift */ = {isa = PBXFileReference; lastKnownFileType = sourcecode.swift; path = RestaurantVC.swift; sourceTree = "<group>"; };
		634449622389E09800C7FF99 /* RestaurantCell.swift */ = {isa = PBXFileReference; lastKnownFileType = sourcecode.swift; path = RestaurantCell.swift; sourceTree = "<group>"; };
		63452B7E23B469BC0022845F /* ClaimCell.swift */ = {isa = PBXFileReference; lastKnownFileType = sourcecode.swift; path = ClaimCell.swift; sourceTree = "<group>"; };
		634B518323B702110087697F /* Login.storyboard */ = {isa = PBXFileReference; lastKnownFileType = file.storyboard; path = Login.storyboard; sourceTree = "<group>"; };
		634B518623B866870087697F /* SplashVC.swift */ = {isa = PBXFileReference; lastKnownFileType = sourcecode.swift; path = SplashVC.swift; sourceTree = "<group>"; };
		634B518823B867290087697F /* LoginVC.swift */ = {isa = PBXFileReference; lastKnownFileType = sourcecode.swift; path = LoginVC.swift; sourceTree = "<group>"; };
		634B518A23B8673C0087697F /* RecoverPasswordVC.swift */ = {isa = PBXFileReference; lastKnownFileType = sourcecode.swift; path = RecoverPasswordVC.swift; sourceTree = "<group>"; };
		634B518C23B8681E0087697F /* SignUpVC.swift */ = {isa = PBXFileReference; lastKnownFileType = sourcecode.swift; path = SignUpVC.swift; sourceTree = "<group>"; };
		634B518E23B8684B0087697F /* UserInformationVC.swift */ = {isa = PBXFileReference; lastKnownFileType = sourcecode.swift; path = UserInformationVC.swift; sourceTree = "<group>"; };
		634B519123B951580087697F /* Restaurants.storyboard */ = {isa = PBXFileReference; lastKnownFileType = file.storyboard; path = Restaurants.storyboard; sourceTree = "<group>"; };
		634B519323B951830087697F /* Profile.storyboard */ = {isa = PBXFileReference; lastKnownFileType = file.storyboard; path = Profile.storyboard; sourceTree = "<group>"; };
		634B519523B951900087697F /* Offers.storyboard */ = {isa = PBXFileReference; lastKnownFileType = file.storyboard; path = Offers.storyboard; sourceTree = "<group>"; };
		63619E1D23987DBF007284E0 /* MapScreenVC.swift */ = {isa = PBXFileReference; lastKnownFileType = sourcecode.swift; path = MapScreenVC.swift; sourceTree = "<group>"; };
		637B9BEA238B204200AEBDAA /* LoyaltyCardVC.swift */ = {isa = PBXFileReference; lastKnownFileType = sourcecode.swift; path = LoyaltyCardVC.swift; sourceTree = "<group>"; };
		639FC05523BAEA6B00B6013F /* Utilities.swift */ = {isa = PBXFileReference; fileEncoding = 4; lastKnownFileType = sourcecode.swift; path = Utilities.swift; sourceTree = "<group>"; };
		639FC05723BAF6EA00B6013F /* Constants.swift */ = {isa = PBXFileReference; lastKnownFileType = sourcecode.swift; path = Constants.swift; sourceTree = "<group>"; };
		639FC05B23BBF56B00B6013F /* RestaurantsAPIClient.swift */ = {isa = PBXFileReference; lastKnownFileType = sourcecode.swift; path = RestaurantsAPIClient.swift; sourceTree = "<group>"; };
		639FC08B23BE8F6200B6013F /* SNACC.json */ = {isa = PBXFileReference; lastKnownFileType = text.json; path = SNACC.json; sourceTree = "<group>"; };
		639FC08D23C0FED100B6013F /* SNACCRefactor.json */ = {isa = PBXFileReference; lastKnownFileType = text.json; path = SNACCRefactor.json; sourceTree = "<group>"; };
		63DE9CF423AF21490032A666 /* UIImageView+Extension.swift */ = {isa = PBXFileReference; lastKnownFileType = sourcecode.swift; path = "UIImageView+Extension.swift"; sourceTree = "<group>"; };
		63DE9CF623AF21B10032A666 /* UIViewController+Alerts.swift */ = {isa = PBXFileReference; lastKnownFileType = sourcecode.swift; path = "UIViewController+Alerts.swift"; sourceTree = "<group>"; };
		63DE9CF823AF21D60032A666 /* NetworkHelper.swift */ = {isa = PBXFileReference; lastKnownFileType = sourcecode.swift; path = NetworkHelper.swift; sourceTree = "<group>"; };
		63DE9CFB23AF22030032A666 /* AppError.swift */ = {isa = PBXFileReference; lastKnownFileType = sourcecode.swift; path = AppError.swift; sourceTree = "<group>"; };
		63DE9CFF23B06B2A0032A666 /* BookmarkVC.swift */ = {isa = PBXFileReference; lastKnownFileType = sourcecode.swift; path = BookmarkVC.swift; sourceTree = "<group>"; };
		63DE9D0123B06DCC0032A666 /* BookmarkCell.swift */ = {isa = PBXFileReference; lastKnownFileType = sourcecode.swift; path = BookmarkCell.swift; sourceTree = "<group>"; };
		63DE9D0323B13C500032A666 /* ProfileLoyaltyVC.swift */ = {isa = PBXFileReference; lastKnownFileType = sourcecode.swift; path = ProfileLoyaltyVC.swift; sourceTree = "<group>"; };
		63DE9D0523B1402B0032A666 /* PhotosVC.swift */ = {isa = PBXFileReference; lastKnownFileType = sourcecode.swift; path = PhotosVC.swift; sourceTree = "<group>"; };
		A49C8AA215C76420CE6CA4EB /* Pods-SNACC.release.xcconfig */ = {isa = PBXFileReference; includeInIndex = 1; lastKnownFileType = text.xcconfig; name = "Pods-SNACC.release.xcconfig"; path = "Target Support Files/Pods-SNACC/Pods-SNACC.release.xcconfig"; sourceTree = "<group>"; };
/* End PBXFileReference section */

/* Begin PBXFrameworksBuildPhase section */
		6344492F23898DA700C7FF99 /* Frameworks */ = {
			isa = PBXFrameworksBuildPhase;
			buildActionMask = 2147483647;
			files = (
				8472D71985712494E571A9CE /* Pods_SNACC.framework in Frameworks */,
			);
			runOnlyForDeploymentPostprocessing = 0;
		};
/* End PBXFrameworksBuildPhase section */

/* Begin PBXGroup section */
		03E7FA56C5B3A55EAD896E44 /* Frameworks */ = {
			isa = PBXGroup;
			children = (
				31E173FF2847BE5B4302D136 /* Pods_SNACC.framework */,
			);
			name = Frameworks;
			sourceTree = "<group>";
		};
		21E0086FA8F84F9F1F50A151 /* Pods */ = {
			isa = PBXGroup;
			children = (
				0E32AFB6568E03CF24519F7D /* Pods-SNACC.debug.xcconfig */,
				A49C8AA215C76420CE6CA4EB /* Pods-SNACC.release.xcconfig */,
			);
			path = Pods;
			sourceTree = "<group>";
		};
		6344492923898DA700C7FF99 = {
			isa = PBXGroup;
			children = (
				6344493423898DA700C7FF99 /* SNACC */,
				6344493323898DA700C7FF99 /* Products */,
				21E0086FA8F84F9F1F50A151 /* Pods */,
				03E7FA56C5B3A55EAD896E44 /* Frameworks */,
			);
			sourceTree = "<group>";
		};
		6344493323898DA700C7FF99 /* Products */ = {
			isa = PBXGroup;
			children = (
				6344493223898DA700C7FF99 /* SNACC.app */,
			);
			name = Products;
			sourceTree = "<group>";
		};
		6344493423898DA700C7FF99 /* SNACC */ = {
			isa = PBXGroup;
			children = (
				6344493523898DA700C7FF99 /* AppDelegate.swift */,
				6344493723898DA700C7FF99 /* SceneDelegate.swift */,
				6344494223898DAA00C7FF99 /* LaunchScreen.storyboard */,
				6344493D23898DA700C7FF99 /* Main.storyboard */,
				6344494523898DAA00C7FF99 /* Info.plist */,
				633E2A3123B1902A00B5AD7D /* GoogleService-Info.plist */,
				6344494023898DAA00C7FF99 /* Assets.xcassets */,
				63DE9CF223AF20E60032A666 /* Models */,
				63DE9CF123AF20BF0032A666 /* NetworkServices */,
				63DE9CF323AF210C0032A666 /* Extensions */,
				634B519023B917130087697F /* ViewControllers */,
			);
			path = SNACC;
			sourceTree = "<group>";
		};
		634449572389B2FF00C7FF99 /* Offers */ = {
			isa = PBXGroup;
			children = (
				634B519523B951900087697F /* Offers.storyboard */,
				6344494B23898E8400C7FF99 /* OffersVC.swift */,
				633E2A3323B206A800B5AD7D /* OffersCell.swift */,
				634449552389B20B00C7FF99 /* OffersDetailVC.swift */,
			);
			path = Offers;
			sourceTree = "<group>";
		};
		634449592389B37700C7FF99 /* Profile */ = {
			isa = PBXGroup;
			children = (
				634B519323B951830087697F /* Profile.storyboard */,
				6344493B23898DA700C7FF99 /* ProfileVC.swift */,
				63DE9CFF23B06B2A0032A666 /* BookmarkVC.swift */,
				63DE9D0123B06DCC0032A666 /* BookmarkCell.swift */,
				63DE9D0323B13C500032A666 /* ProfileLoyaltyVC.swift */,
				63DE9D0523B1402B0032A666 /* PhotosVC.swift */,
			);
			path = Profile;
			sourceTree = "<group>";
		};
		634B518523B864B70087697F /* Login */ = {
			isa = PBXGroup;
			children = (
				634B518323B702110087697F /* Login.storyboard */,
				634B518623B866870087697F /* SplashVC.swift */,
				634B518C23B8681E0087697F /* SignUpVC.swift */,
				634B518823B867290087697F /* LoginVC.swift */,
				634B518A23B8673C0087697F /* RecoverPasswordVC.swift */,
				634B518E23B8684B0087697F /* UserInformationVC.swift */,
			);
			path = Login;
			sourceTree = "<group>";
		};
		634B519023B917130087697F /* ViewControllers */ = {
			isa = PBXGroup;
			children = (
				634B518523B864B70087697F /* Login */,
				63DE9CEF23AF202F0032A666 /* Restaurants */,
				634449592389B37700C7FF99 /* Profile */,
				634449572389B2FF00C7FF99 /* Offers */,
			);
			path = ViewControllers;
			sourceTree = "<group>";
		};
		63DE9CEF23AF202F0032A666 /* Restaurants */ = {
			isa = PBXGroup;
			children = (
				634B519123B951580087697F /* Restaurants.storyboard */,
				634449602389DA6100C7FF99 /* RestaurantVC.swift */,
				634449622389E09800C7FF99 /* RestaurantCell.swift */,
				634449532389915200C7FF99 /* RestaurantInfoVC.swift */,
				637B9BEA238B204200AEBDAA /* LoyaltyCardVC.swift */,
				633E2A2B23B164C300B5AD7D /* LearnMore.swift */,
				633E2A2D23B164E300B5AD7D /* ClaimOffer.swift */,
				63619E1D23987DBF007284E0 /* MapScreenVC.swift */,
				63452B7E23B469BC0022845F /* ClaimCell.swift */,
			);
			path = Restaurants;
			sourceTree = "<group>";
		};
		63DE9CF123AF20BF0032A666 /* NetworkServices */ = {
			isa = PBXGroup;
			children = (
				63DE9CF823AF21D60032A666 /* NetworkHelper.swift */,
				63DE9CFB23AF22030032A666 /* AppError.swift */,
			);
			path = NetworkServices;
			sourceTree = "<group>";
		};
		63DE9CF223AF20E60032A666 /* Models */ = {
			isa = PBXGroup;
			children = (
				633E2A2F23B169F500B5AD7D /* Restaurants.swift */,
				639FC08B23BE8F6200B6013F /* SNACC.json */,
				639FC08D23C0FED100B6013F /* SNACCRefactor.json */,
				6344495A2389BE2B00C7FF99 /* RestaurantBrain.swift */,
				6344495C2389BE3900C7FF99 /* OffersBrain.swift */,
				639FC05B23BBF56B00B6013F /* RestaurantsAPIClient.swift */,
			);
			path = Models;
			sourceTree = "<group>";
		};
		63DE9CF323AF210C0032A666 /* Extensions */ = {
			isa = PBXGroup;
			children = (
				639FC05723BAF6EA00B6013F /* Constants.swift */,
				639FC05523BAEA6B00B6013F /* Utilities.swift */,
				63DE9CF423AF21490032A666 /* UIImageView+Extension.swift */,
				63DE9CF623AF21B10032A666 /* UIViewController+Alerts.swift */,
			);
			path = Extensions;
			sourceTree = "<group>";
		};
/* End PBXGroup section */

/* Begin PBXNativeTarget section */
		6344493123898DA700C7FF99 /* SNACC */ = {
			isa = PBXNativeTarget;
			buildConfigurationList = 6344494823898DAA00C7FF99 /* Build configuration list for PBXNativeTarget "SNACC" */;
			buildPhases = (
				F545A219E83DE68B43405020 /* [CP] Check Pods Manifest.lock */,
				6344492E23898DA700C7FF99 /* Sources */,
				6344492F23898DA700C7FF99 /* Frameworks */,
				6344493023898DA700C7FF99 /* Resources */,
				E7E7E4C7922A08EC7EA77542 /* [CP] Embed Pods Frameworks */,
			);
			buildRules = (
			);
			dependencies = (
			);
			name = SNACC;
			productName = SNACC;
			productReference = 6344493223898DA700C7FF99 /* SNACC.app */;
			productType = "com.apple.product-type.application";
		};
/* End PBXNativeTarget section */

/* Begin PBXProject section */
		6344492A23898DA700C7FF99 /* Project object */ = {
			isa = PBXProject;
			attributes = {
				LastSwiftUpdateCheck = 1120;
				LastUpgradeCheck = 1120;
				ORGANIZATIONNAME = "David Lin (Passion Proj)";
				TargetAttributes = {
					6344493123898DA700C7FF99 = {
						CreatedOnToolsVersion = 11.2.1;
					};
				};
			};
			buildConfigurationList = 6344492D23898DA700C7FF99 /* Build configuration list for PBXProject "SNACC" */;
			compatibilityVersion = "Xcode 9.3";
			developmentRegion = en;
			hasScannedForEncodings = 0;
			knownRegions = (
				en,
				Base,
			);
			mainGroup = 6344492923898DA700C7FF99;
			productRefGroup = 6344493323898DA700C7FF99 /* Products */;
			projectDirPath = "";
			projectRoot = "";
			targets = (
				6344493123898DA700C7FF99 /* SNACC */,
			);
		};
/* End PBXProject section */

/* Begin PBXResourcesBuildPhase section */
		6344493023898DA700C7FF99 /* Resources */ = {
			isa = PBXResourcesBuildPhase;
			buildActionMask = 2147483647;
			files = (
				6344494423898DAA00C7FF99 /* LaunchScreen.storyboard in Resources */,
				633E2A3223B1902A00B5AD7D /* GoogleService-Info.plist in Resources */,
				6344494123898DAA00C7FF99 /* Assets.xcassets in Resources */,
				634B518423B702110087697F /* Login.storyboard in Resources */,
				639FC08E23C0FED100B6013F /* SNACCRefactor.json in Resources */,
				6344493F23898DA700C7FF99 /* Main.storyboard in Resources */,
				634B519623B951900087697F /* Offers.storyboard in Resources */,
				639FC08C23BE8F6200B6013F /* SNACC.json in Resources */,
				634B519423B951830087697F /* Profile.storyboard in Resources */,
				634B519223B951590087697F /* Restaurants.storyboard in Resources */,
			);
			runOnlyForDeploymentPostprocessing = 0;
		};
/* End PBXResourcesBuildPhase section */

/* Begin PBXShellScriptBuildPhase section */
		E7E7E4C7922A08EC7EA77542 /* [CP] Embed Pods Frameworks */ = {
			isa = PBXShellScriptBuildPhase;
			buildActionMask = 2147483647;
			files = (
			);
			inputFileListPaths = (
				"${PODS_ROOT}/Target Support Files/Pods-SNACC/Pods-SNACC-frameworks-${CONFIGURATION}-input-files.xcfilelist",
			);
			name = "[CP] Embed Pods Frameworks";
			outputFileListPaths = (
				"${PODS_ROOT}/Target Support Files/Pods-SNACC/Pods-SNACC-frameworks-${CONFIGURATION}-output-files.xcfilelist",
			);
			runOnlyForDeploymentPostprocessing = 0;
			shellPath = /bin/sh;
			shellScript = "\"${PODS_ROOT}/Target Support Files/Pods-SNACC/Pods-SNACC-frameworks.sh\"\n";
			showEnvVarsInLog = 0;
		};
		F545A219E83DE68B43405020 /* [CP] Check Pods Manifest.lock */ = {
			isa = PBXShellScriptBuildPhase;
			buildActionMask = 2147483647;
			files = (
			);
			inputFileListPaths = (
			);
			inputPaths = (
				"${PODS_PODFILE_DIR_PATH}/Podfile.lock",
				"${PODS_ROOT}/Manifest.lock",
			);
			name = "[CP] Check Pods Manifest.lock";
			outputFileListPaths = (
			);
			outputPaths = (
				"$(DERIVED_FILE_DIR)/Pods-SNACC-checkManifestLockResult.txt",
			);
			runOnlyForDeploymentPostprocessing = 0;
			shellPath = /bin/sh;
			shellScript = "diff \"${PODS_PODFILE_DIR_PATH}/Podfile.lock\" \"${PODS_ROOT}/Manifest.lock\" > /dev/null\nif [ $? != 0 ] ; then\n    # print error to STDERR\n    echo \"error: The sandbox is not in sync with the Podfile.lock. Run 'pod install' or update your CocoaPods installation.\" >&2\n    exit 1\nfi\n# This output is used by Xcode 'outputs' to avoid re-running this script phase.\necho \"SUCCESS\" > \"${SCRIPT_OUTPUT_FILE_0}\"\n";
			showEnvVarsInLog = 0;
		};
/* End PBXShellScriptBuildPhase section */

/* Begin PBXSourcesBuildPhase section */
		6344492E23898DA700C7FF99 /* Sources */ = {
			isa = PBXSourcesBuildPhase;
			buildActionMask = 2147483647;
			files = (
				634B518B23B8673C0087697F /* RecoverPasswordVC.swift in Sources */,
				6344493C23898DA700C7FF99 /* ProfileVC.swift in Sources */,
				63DE9CF523AF21490032A666 /* UIImageView+Extension.swift in Sources */,
				6344493623898DA700C7FF99 /* AppDelegate.swift in Sources */,
				639FC05623BAEA6B00B6013F /* Utilities.swift in Sources */,
				63DE9CFC23AF22030032A666 /* AppError.swift in Sources */,
				6344494C23898E8400C7FF99 /* OffersVC.swift in Sources */,
				639FC05823BAF6EA00B6013F /* Constants.swift in Sources */,
				634449562389B20B00C7FF99 /* OffersDetailVC.swift in Sources */,
				633E2A2E23B164E300B5AD7D /* ClaimOffer.swift in Sources */,
				639FC05C23BBF56B00B6013F /* RestaurantsAPIClient.swift in Sources */,
				6344493823898DA700C7FF99 /* SceneDelegate.swift in Sources */,
				6344495B2389BE2B00C7FF99 /* RestaurantBrain.swift in Sources */,
				63DE9CF923AF21D60032A666 /* NetworkHelper.swift in Sources */,
				633E2A3423B206A800B5AD7D /* OffersCell.swift in Sources */,
				634449542389915200C7FF99 /* RestaurantInfoVC.swift in Sources */,
				633E2A2C23B164C300B5AD7D /* LearnMore.swift in Sources */,
				63DE9D0423B13C500032A666 /* ProfileLoyaltyVC.swift in Sources */,
				634449632389E09800C7FF99 /* RestaurantCell.swift in Sources */,
				6344495D2389BE3900C7FF99 /* OffersBrain.swift in Sources */,
				633E2A3023B169F500B5AD7D /* Restaurants.swift in Sources */,
				63619E1E23987DBF007284E0 /* MapScreenVC.swift in Sources */,
				63DE9D0223B06DCC0032A666 /* BookmarkCell.swift in Sources */,
				634B518F23B8684B0087697F /* UserInformationVC.swift in Sources */,
				63DE9D0623B1402B0032A666 /* PhotosVC.swift in Sources */,
				634B518D23B8681E0087697F /* SignUpVC.swift in Sources */,
				63DE9D0023B06B2A0032A666 /* BookmarkVC.swift in Sources */,
				634B518723B866870087697F /* SplashVC.swift in Sources */,
				63452B7F23B469BC0022845F /* ClaimCell.swift in Sources */,
				634B518923B867290087697F /* LoginVC.swift in Sources */,
				634449612389DA6100C7FF99 /* RestaurantVC.swift in Sources */,
				63DE9CF723AF21B10032A666 /* UIViewController+Alerts.swift in Sources */,
				637B9BEB238B204200AEBDAA /* LoyaltyCardVC.swift in Sources */,
			);
			runOnlyForDeploymentPostprocessing = 0;
		};
/* End PBXSourcesBuildPhase section */

/* Begin PBXVariantGroup section */
		6344493D23898DA700C7FF99 /* Main.storyboard */ = {
			isa = PBXVariantGroup;
			children = (
				6344493E23898DA700C7FF99 /* Base */,
			);
			name = Main.storyboard;
			sourceTree = "<group>";
		};
		6344494223898DAA00C7FF99 /* LaunchScreen.storyboard */ = {
			isa = PBXVariantGroup;
			children = (
				6344494323898DAA00C7FF99 /* Base */,
			);
			name = LaunchScreen.storyboard;
			sourceTree = "<group>";
		};
/* End PBXVariantGroup section */

/* Begin XCBuildConfiguration section */
		6344494623898DAA00C7FF99 /* Debug */ = {
			isa = XCBuildConfiguration;
			buildSettings = {
				ALWAYS_SEARCH_USER_PATHS = NO;
				CLANG_ANALYZER_NONNULL = YES;
				CLANG_ANALYZER_NUMBER_OBJECT_CONVERSION = YES_AGGRESSIVE;
				CLANG_CXX_LANGUAGE_STANDARD = "gnu++14";
				CLANG_CXX_LIBRARY = "libc++";
				CLANG_ENABLE_MODULES = YES;
				CLANG_ENABLE_OBJC_ARC = YES;
				CLANG_ENABLE_OBJC_WEAK = YES;
				CLANG_WARN_BLOCK_CAPTURE_AUTORELEASING = YES;
				CLANG_WARN_BOOL_CONVERSION = YES;
				CLANG_WARN_COMMA = YES;
				CLANG_WARN_CONSTANT_CONVERSION = YES;
				CLANG_WARN_DEPRECATED_OBJC_IMPLEMENTATIONS = YES;
				CLANG_WARN_DIRECT_OBJC_ISA_USAGE = YES_ERROR;
				CLANG_WARN_DOCUMENTATION_COMMENTS = YES;
				CLANG_WARN_EMPTY_BODY = YES;
				CLANG_WARN_ENUM_CONVERSION = YES;
				CLANG_WARN_INFINITE_RECURSION = YES;
				CLANG_WARN_INT_CONVERSION = YES;
				CLANG_WARN_NON_LITERAL_NULL_CONVERSION = YES;
				CLANG_WARN_OBJC_IMPLICIT_RETAIN_SELF = YES;
				CLANG_WARN_OBJC_LITERAL_CONVERSION = YES;
				CLANG_WARN_OBJC_ROOT_CLASS = YES_ERROR;
				CLANG_WARN_RANGE_LOOP_ANALYSIS = YES;
				CLANG_WARN_STRICT_PROTOTYPES = YES;
				CLANG_WARN_SUSPICIOUS_MOVE = YES;
				CLANG_WARN_UNGUARDED_AVAILABILITY = YES_AGGRESSIVE;
				CLANG_WARN_UNREACHABLE_CODE = YES;
				CLANG_WARN__DUPLICATE_METHOD_MATCH = YES;
				COPY_PHASE_STRIP = NO;
				DEBUG_INFORMATION_FORMAT = dwarf;
				ENABLE_STRICT_OBJC_MSGSEND = YES;
				ENABLE_TESTABILITY = YES;
				GCC_C_LANGUAGE_STANDARD = gnu11;
				GCC_DYNAMIC_NO_PIC = NO;
				GCC_NO_COMMON_BLOCKS = YES;
				GCC_OPTIMIZATION_LEVEL = 0;
				GCC_PREPROCESSOR_DEFINITIONS = (
					"DEBUG=1",
					"$(inherited)",
				);
				GCC_WARN_64_TO_32_BIT_CONVERSION = YES;
				GCC_WARN_ABOUT_RETURN_TYPE = YES_ERROR;
				GCC_WARN_UNDECLARED_SELECTOR = YES;
				GCC_WARN_UNINITIALIZED_AUTOS = YES_AGGRESSIVE;
				GCC_WARN_UNUSED_FUNCTION = YES;
				GCC_WARN_UNUSED_VARIABLE = YES;
				IPHONEOS_DEPLOYMENT_TARGET = 13.2;
				MTL_ENABLE_DEBUG_INFO = INCLUDE_SOURCE;
				MTL_FAST_MATH = YES;
				ONLY_ACTIVE_ARCH = YES;
				SDKROOT = iphoneos;
				SWIFT_ACTIVE_COMPILATION_CONDITIONS = DEBUG;
				SWIFT_OPTIMIZATION_LEVEL = "-Onone";
			};
			name = Debug;
		};
		6344494723898DAA00C7FF99 /* Release */ = {
			isa = XCBuildConfiguration;
			buildSettings = {
				ALWAYS_SEARCH_USER_PATHS = NO;
				CLANG_ANALYZER_NONNULL = YES;
				CLANG_ANALYZER_NUMBER_OBJECT_CONVERSION = YES_AGGRESSIVE;
				CLANG_CXX_LANGUAGE_STANDARD = "gnu++14";
				CLANG_CXX_LIBRARY = "libc++";
				CLANG_ENABLE_MODULES = YES;
				CLANG_ENABLE_OBJC_ARC = YES;
				CLANG_ENABLE_OBJC_WEAK = YES;
				CLANG_WARN_BLOCK_CAPTURE_AUTORELEASING = YES;
				CLANG_WARN_BOOL_CONVERSION = YES;
				CLANG_WARN_COMMA = YES;
				CLANG_WARN_CONSTANT_CONVERSION = YES;
				CLANG_WARN_DEPRECATED_OBJC_IMPLEMENTATIONS = YES;
				CLANG_WARN_DIRECT_OBJC_ISA_USAGE = YES_ERROR;
				CLANG_WARN_DOCUMENTATION_COMMENTS = YES;
				CLANG_WARN_EMPTY_BODY = YES;
				CLANG_WARN_ENUM_CONVERSION = YES;
				CLANG_WARN_INFINITE_RECURSION = YES;
				CLANG_WARN_INT_CONVERSION = YES;
				CLANG_WARN_NON_LITERAL_NULL_CONVERSION = YES;
				CLANG_WARN_OBJC_IMPLICIT_RETAIN_SELF = YES;
				CLANG_WARN_OBJC_LITERAL_CONVERSION = YES;
				CLANG_WARN_OBJC_ROOT_CLASS = YES_ERROR;
				CLANG_WARN_RANGE_LOOP_ANALYSIS = YES;
				CLANG_WARN_STRICT_PROTOTYPES = YES;
				CLANG_WARN_SUSPICIOUS_MOVE = YES;
				CLANG_WARN_UNGUARDED_AVAILABILITY = YES_AGGRESSIVE;
				CLANG_WARN_UNREACHABLE_CODE = YES;
				CLANG_WARN__DUPLICATE_METHOD_MATCH = YES;
				COPY_PHASE_STRIP = NO;
				DEBUG_INFORMATION_FORMAT = "dwarf-with-dsym";
				ENABLE_NS_ASSERTIONS = NO;
				ENABLE_STRICT_OBJC_MSGSEND = YES;
				GCC_C_LANGUAGE_STANDARD = gnu11;
				GCC_NO_COMMON_BLOCKS = YES;
				GCC_WARN_64_TO_32_BIT_CONVERSION = YES;
				GCC_WARN_ABOUT_RETURN_TYPE = YES_ERROR;
				GCC_WARN_UNDECLARED_SELECTOR = YES;
				GCC_WARN_UNINITIALIZED_AUTOS = YES_AGGRESSIVE;
				GCC_WARN_UNUSED_FUNCTION = YES;
				GCC_WARN_UNUSED_VARIABLE = YES;
				IPHONEOS_DEPLOYMENT_TARGET = 13.2;
				MTL_ENABLE_DEBUG_INFO = NO;
				MTL_FAST_MATH = YES;
				SDKROOT = iphoneos;
				SWIFT_COMPILATION_MODE = wholemodule;
				SWIFT_OPTIMIZATION_LEVEL = "-O";
				VALIDATE_PRODUCT = YES;
			};
			name = Release;
		};
		6344494923898DAA00C7FF99 /* Debug */ = {
			isa = XCBuildConfiguration;
			baseConfigurationReference = 0E32AFB6568E03CF24519F7D /* Pods-SNACC.debug.xcconfig */;
			buildSettings = {
				CODE_SIGN_STYLE = Automatic;
				DEVELOPMENT_TEAM = KJJ3AHRK2K;
				INFOPLIST_FILE = SNACC/Info.plist;
				LD_RUNPATH_SEARCH_PATHS = (
					"$(inherited)",
					"@executable_path/Frameworks",
				);
				PRODUCT_BUNDLE_IDENTIFIER = com.SNACC.SnaccApp;
				PRODUCT_NAME = "$(TARGET_NAME)";
				SWIFT_VERSION = 5.0;
				TARGETED_DEVICE_FAMILY = 1;
			};
			name = Debug;
		};
		6344494A23898DAA00C7FF99 /* Release */ = {
			isa = XCBuildConfiguration;
			baseConfigurationReference = A49C8AA215C76420CE6CA4EB /* Pods-SNACC.release.xcconfig */;
			buildSettings = {
				CODE_SIGN_STYLE = Automatic;
				DEVELOPMENT_TEAM = KJJ3AHRK2K;
				INFOPLIST_FILE = SNACC/Info.plist;
				LD_RUNPATH_SEARCH_PATHS = (
					"$(inherited)",
					"@executable_path/Frameworks",
				);
				PRODUCT_BUNDLE_IDENTIFIER = com.SNACC.SnaccApp;
				PRODUCT_NAME = "$(TARGET_NAME)";
				SWIFT_VERSION = 5.0;
				TARGETED_DEVICE_FAMILY = 1;
			};
			name = Release;
		};
/* End XCBuildConfiguration section */

/* Begin XCConfigurationList section */
		6344492D23898DA700C7FF99 /* Build configuration list for PBXProject "SNACC" */ = {
			isa = XCConfigurationList;
			buildConfigurations = (
				6344494623898DAA00C7FF99 /* Debug */,
				6344494723898DAA00C7FF99 /* Release */,
			);
			defaultConfigurationIsVisible = 0;
			defaultConfigurationName = Release;
		};
		6344494823898DAA00C7FF99 /* Build configuration list for PBXNativeTarget "SNACC" */ = {
			isa = XCConfigurationList;
			buildConfigurations = (
				6344494923898DAA00C7FF99 /* Debug */,
				6344494A23898DAA00C7FF99 /* Release */,
			);
			defaultConfigurationIsVisible = 0;
			defaultConfigurationName = Release;
		};
/* End XCConfigurationList section */
	};
	rootObject = 6344492A23898DA700C7FF99 /* Project object */;
}
